<?xml version="1.0" encoding="utf-8"?>
<Project ToolsVersion="4.0" xmlns="http://schemas.microsoft.com/developer/msbuild/2003">
  <ItemGroup>
    <Filter Include="Source Files">
      <UniqueIdentifier>{4FC737F1-C7A5-4376-A066-2A32D752A2FF}</UniqueIdentifier>
      <Extensions>cpp;c;cc;cxx;def;odl;idl;hpj;bat;asm;asmx</Extensions>
    </Filter>
    <Filter Include="Header Files">
      <UniqueIdentifier>{93995380-89BD-4b04-88EB-625FBE52EBFB}</UniqueIdentifier>
      <Extensions>h;hh;hpp;hxx;hm;inl;inc;ipp;xsd</Extensions>
    </Filter>
    <Filter Include="Resource Files">
      <UniqueIdentifier>{67DA6AB6-F800-4c08-8B7A-83BB121AAD01}</UniqueIdentifier>
      <Extensions>rc;ico;cur;bmp;dlg;rc2;rct;bin;rgs;gif;jpg;jpeg;jpe;resx;tiff;tif;png;wav;mfcribbon-ms</Extensions>
    </Filter>
    <Filter Include="Shaders">
      <UniqueIdentifier>{bf0cfd0b-5dd0-4a06-af08-96d5ef5ebf3b}</UniqueIdentifier>
    </Filter>
    <Filter Include="Header Files\events">
      <UniqueIdentifier>{0c8cfc97-937b-41ad-a42f-b3fe4e72f0c3}</UniqueIdentifier>
    </Filter>
    <Filter Include="Header Files\world">
      <UniqueIdentifier>{1f6ff4df-4c68-4765-b078-cfb5e39ef384}</UniqueIdentifier>
    </Filter>
    <Filter Include="Header Files\utils">
      <UniqueIdentifier>{06b13ebd-3b6a-4c3c-89cf-f5d56c687956}</UniqueIdentifier>
    </Filter>
    <Filter Include="Header Files\mesh">
      <UniqueIdentifier>{264ffb9c-b9c9-44b5-97fa-5fe649b772d0}</UniqueIdentifier>
    </Filter>
    <Filter Include="Header Files\vendor">
      <UniqueIdentifier>{f996cae1-6a5e-4771-bec3-657698320cd8}</UniqueIdentifier>
    </Filter>
    <Filter Include="Header Files\gui">
      <UniqueIdentifier>{a4dd4035-3e53-4383-846b-ffa7a1d73406}</UniqueIdentifier>
    </Filter>
    <Filter Include="Header Files\lighting">
      <UniqueIdentifier>{d72c37df-10f6-4e26-b2b9-6ba797dcd9da}</UniqueIdentifier>
    </Filter>
    <Filter Include="Header Files\material">
      <UniqueIdentifier>{f0879a26-75ac-46ff-ada5-a235e7e54593}</UniqueIdentifier>
    </Filter>
  </ItemGroup>
  <ItemGroup>
    <ClCompile Include="..\..\Global\glad.c">
      <Filter>Header Files\vendor</Filter>
    </ClCompile>
    <ClCompile Include="gui\ui.cpp">
      <Filter>Header Files\gui</Filter>
    </ClCompile>
    <ClCompile Include="include\ibex.cpp">
      <Filter>Source Files</Filter>
    </ClCompile>
    <ClCompile Include="include\world\void.cpp">
      <Filter>Source Files</Filter>
    </ClCompile>
    <ClCompile Include="include\mesh\primitives\square.cpp">
      <Filter>Source Files</Filter>
    </ClCompile>
    <ClCompile Include="include\mesh\primitives\triangle.cpp">
      <Filter>Source Files</Filter>
    </ClCompile>
    <ClCompile Include="include\mesh\grid.cpp">
      <Filter>Source Files</Filter>
    </ClCompile>
    <ClCompile Include="include\world\world.cpp">
      <Filter>Source Files</Filter>
    </ClCompile>
    <ClCompile Include="include\events\events.cpp">
      <Filter>Source Files</Filter>
    </ClCompile>
    <ClCompile Include="include\mesh\mesh.cpp">
      <Filter>Source Files</Filter>
    </ClCompile>
    <ClCompile Include="include\lighting\lighting.cpp">
      <Filter>Source Files</Filter>
    </ClCompile>
    <ClCompile Include="include\lighting\omniDirectionLight.cpp">
      <Filter>Source Files</Filter>
    </ClCompile>
    <ClCompile Include="src\main.cpp">
      <Filter>Source Files</Filter>
    </ClCompile>
    <ClCompile Include="include\mesh\primitives\cube.cpp">
      <Filter>Source Files</Filter>
    </ClCompile>
    <ClCompile Include="include\material\material.cpp">
      <Filter>Source Files</Filter>
    </ClCompile>
    <ClCompile Include="include\material\gold.cpp">
      <Filter>Source Files</Filter>
    </ClCompile>
    <ClCompile Include="include\material\emerald.cpp">
      <Filter>Source Files</Filter>
    </ClCompile>
    <ClCompile Include="include\material\pearl.cpp">
      <Filter>Source Files</Filter>
    </ClCompile>
    <ClCompile Include="include\material\plastic.cpp">
      <Filter>Source Files</Filter>
    </ClCompile>
  </ItemGroup>
  <ItemGroup>
    <None Include="Workspace.ui">
      <Filter>Header Files\gui</Filter>
    </None>
    <None Include="shaders\lightShader.frag">
      <Filter>Shaders</Filter>
    </None>
    <None Include="shaders\meshShader.frag">
      <Filter>Shaders</Filter>
    </None>
    <None Include="shaders\meshShader.vert">
      <Filter>Shaders</Filter>
    </None>
    <None Include="shaders\lightShader.vert">
      <Filter>Shaders</Filter>
    </None>
    <None Include="shaders\phongMeshShader.frag">
      <Filter>Shaders</Filter>
    </None>
    <None Include="shaders\phongMeshShader.vert">
      <Filter>Shaders</Filter>
    </None>
    <None Include="shaders\materialShader.frag">
      <Filter>Shaders</Filter>
    </None>
    <None Include="shaders\materialShader.vert">
      <Filter>Shaders</Filter>
    </None>
  </ItemGroup>
  <ItemGroup>
    <ClInclude Include="include\ibex.h">
      <Filter>Header Files</Filter>
    </ClInclude>
    <ClInclude Include="include\world\void.h">
      <Filter>Header Files\world</Filter>
    </ClInclude>
    <ClInclude Include="include\world\world.h">
      <Filter>Header Files\world</Filter>
    </ClInclude>
    <ClInclude Include="include\events\events.h">
      <Filter>Header Files\events</Filter>
    </ClInclude>
    <ClInclude Include="include\events\listeners.h">
      <Filter>Header Files\events</Filter>
    </ClInclude>
    <ClInclude Include="include\mesh\mesh.h">
      <Filter>Header Files\mesh</Filter>
    </ClInclude>
    <ClInclude Include="include\mesh\primitives\triangle.h">
      <Filter>Header Files\mesh</Filter>
    </ClInclude>
    <ClInclude Include="include\glErrorLogger.h">
      <Filter>Header Files\utils</Filter>
    </ClInclude>
    <ClInclude Include="include\mesh\grid.h">
      <Filter>Header Files\mesh</Filter>
    </ClInclude>
    <ClInclude Include="include\camera.h">
      <Filter>Header Files</Filter>
    </ClInclude>
    <ClInclude Include="include\mesh\primitives\square.h">
      <Filter>Header Files\mesh</Filter>
    </ClInclude>
    <ClInclude Include="include\lighting\lighting.h">
      <Filter>Header Files\lighting</Filter>
    </ClInclude>
    <ClInclude Include="include\lighting\omniDirectionLight.h">
      <Filter>Header Files\lighting</Filter>
    </ClInclude>
    <ClInclude Include="include\mesh\primitives\cube.h">
      <Filter>Header Files\mesh</Filter>
    </ClInclude>
    <ClInclude Include="include\shader.h">
      <Filter>Header Files</Filter>
    </ClInclude>
    <ClInclude Include="include\material\material.h">
      <Filter>Header Files\material</Filter>
    </ClInclude>
    <ClInclude Include="include\material\gold.h">
      <Filter>Header Files\material</Filter>
    </ClInclude>
    <ClInclude Include="include\material\emerald.h">
      <Filter>Header Files\material</Filter>
    </ClInclude>
    <ClInclude Include="include\material\pearl.h">
      <Filter>Header Files\material</Filter>
    </ClInclude>
    <ClInclude Include="include\material\plastic.h">
      <Filter>Header Files\material</Filter>
    </ClInclude>
  </ItemGroup>
</Project>